// !$*UTF8*$!
{
	archiveVersion = 1;
	classes = {
	};
	objectVersion = 56;
	objects = {

/* Begin PBXBuildFile section */
		68F8F3E82A7CF19800B79F4A /* AppDelegate.swift in Sources */ = {isa = PBXBuildFile; fileRef = 68F8F3E72A7CF19800B79F4A /* AppDelegate.swift */; };
		68F8F3EA2A7CF19800B79F4A /* SceneDelegate.swift in Sources */ = {isa = PBXBuildFile; fileRef = 68F8F3E92A7CF19800B79F4A /* SceneDelegate.swift */; };
		68F8F3EC2A7CF19800B79F4A /* ViewController.swift in Sources */ = {isa = PBXBuildFile; fileRef = 68F8F3EB2A7CF19800B79F4A /* ViewController.swift */; };
		68F8F3EF2A7CF19800B79F4A /* Main.storyboard in Resources */ = {isa = PBXBuildFile; fileRef = 68F8F3ED2A7CF19800B79F4A /* Main.storyboard */; };
		68F8F3F12A7CF19900B79F4A /* Assets.xcassets in Resources */ = {isa = PBXBuildFile; fileRef = 68F8F3F02A7CF19900B79F4A /* Assets.xcassets */; };
		68F8F3F42A7CF19900B79F4A /* LaunchScreen.storyboard in Resources */ = {isa = PBXBuildFile; fileRef = 68F8F3F22A7CF19900B79F4A /* LaunchScreen.storyboard */; };
		68F8F3FC2A7CFD7E00B79F4A /* Album.swift in Sources */ = {isa = PBXBuildFile; fileRef = 68F8F3FB2A7CFD7E00B79F4A /* Album.swift */; };
		68F8F3FF2A7D04B200B79F4A /* AlbumTableViewCell.swift in Sources */ = {isa = PBXBuildFile; fileRef = 68F8F3FD2A7D04B200B79F4A /* AlbumTableViewCell.swift */; };
		68F8F4002A7D04B200B79F4A /* AlbumTableViewCell.xib in Resources */ = {isa = PBXBuildFile; fileRef = 68F8F3FE2A7D04B200B79F4A /* AlbumTableViewCell.xib */; };
/* End PBXBuildFile section */

/* Begin PBXFileReference section */
		68F8F3E42A7CF19800B79F4A /* 21_06_2023_JSONDecoderDemo.app */ = {isa = PBXFileReference; explicitFileType = wrapper.application; includeInIndex = 0; path = 21_06_2023_JSONDecoderDemo.app; sourceTree = BUILT_PRODUCTS_DIR; };
		68F8F3E72A7CF19800B79F4A /* AppDelegate.swift */ = {isa = PBXFileReference; lastKnownFileType = sourcecode.swift; path = AppDelegate.swift; sourceTree = "<group>"; };
		68F8F3E92A7CF19800B79F4A /* SceneDelegate.swift */ = {isa = PBXFileReference; lastKnownFileType = sourcecode.swift; path = SceneDelegate.swift; sourceTree = "<group>"; };
		68F8F3EB2A7CF19800B79F4A /* ViewController.swift */ = {isa = PBXFileReference; lastKnownFileType = sourcecode.swift; path = ViewController.swift; sourceTree = "<group>"; };
		68F8F3EE2A7CF19800B79F4A /* Base */ = {isa = PBXFileReference; lastKnownFileType = file.storyboard; name = Base; path = Base.lproj/Main.storyboard; sourceTree = "<group>"; };
		68F8F3F02A7CF19900B79F4A /* Assets.xcassets */ = {isa = PBXFileReference; lastKnownFileType = folder.assetcatalog; path = Assets.xcassets; sourceTree = "<group>"; };
		68F8F3F32A7CF19900B79F4A /* Base */ = {isa = PBXFileReference; lastKnownFileType = file.storyboard; name = Base; path = Base.lproj/LaunchScreen.storyboard; sourceTree = "<group>"; };
		68F8F3F52A7CF19900B79F4A /* Info.plist */ = {isa = PBXFileReference; lastKnownFileType = text.plist.xml; path = Info.plist; sourceTree = "<group>"; };
		68F8F3FB2A7CFD7E00B79F4A /* Album.swift */ = {isa = PBXFileReference; lastKnownFileType = sourcecode.swift; path = Album.swift; sourceTree = "<group>"; };
		68F8F3FD2A7D04B200B79F4A /* AlbumTableViewCell.swift */ = {isa = PBXFileReference; lastKnownFileType = sourcecode.swift; path = AlbumTableViewCell.swift; sourceTree = "<group>"; };
		68F8F3FE2A7D04B200B79F4A /* AlbumTableViewCell.xib */ = {isa = PBXFileReference; lastKnownFileType = file.xib; path = AlbumTableViewCell.xib; sourceTree = "<group>"; };
/* End PBXFileReference section */

/* Begin PBXFrameworksBuildPhase section */
		68F8F3E12A7CF19800B79F4A /* Frameworks */ = {
			isa = PBXFrameworksBuildPhase;
			buildActionMask = 2147483647;
			files = (
			);
			runOnlyForDeploymentPostprocessing = 0;
		};
/* End PBXFrameworksBuildPhase section */

/* Begin PBXGroup section */
		68F8F3DB2A7CF19800B79F4A = {
			isa = PBXGroup;
			children = (
				68F8F3E62A7CF19800B79F4A /* 21_06_2023_JSONDecoderDemo */,
				68F8F3E52A7CF19800B79F4A /* Products */,
			);
			sourceTree = "<group>";
		};
		68F8F3E52A7CF19800B79F4A /* Products */ = {
			isa = PBXGroup;
			children = (
				68F8F3E42A7CF19800B79F4A /* 21_06_2023_JSONDecoderDemo.app */,
			);
			name = Products;
			sourceTree = "<group>";
		};
		68F8F3E62A7CF19800B79F4A /* 21_06_2023_JSONDecoderDemo */ = {
			isa = PBXGroup;
			children = (
				68F8F3E72A7CF19800B79F4A /* AppDelegate.swift */,
				68F8F3E92A7CF19800B79F4A /* SceneDelegate.swift */,
				68F8F3EB2A7CF19800B79F4A /* ViewController.swift */,
				68F8F3ED2A7CF19800B79F4A /* Main.storyboard */,
				68F8F3F02A7CF19900B79F4A /* Assets.xcassets */,
				68F8F3F22A7CF19900B79F4A /* LaunchScreen.storyboard */,
				68F8F3F52A7CF19900B79F4A /* Info.plist */,
				68F8F3FB2A7CFD7E00B79F4A /* Album.swift */,
				68F8F3FD2A7D04B200B79F4A /* AlbumTableViewCell.swift */,
				68F8F3FE2A7D04B200B79F4A /* AlbumTableViewCell.xib */,
			);
			path = 21_06_2023_JSONDecoderDemo;
			sourceTree = "<group>";
		};
/* End PBXGroup section */

/* Begin PBXNativeTarget section */
		68F8F3E32A7CF19800B79F4A /* 21_06_2023_JSONDecoderDemo */ = {
			isa = PBXNativeTarget;
			buildConfigurationList = 68F8F3F82A7CF19900B79F4A /* Build configuration list for PBXNativeTarget "21_06_2023_JSONDecoderDemo" */;
			buildPhases = (
				68F8F3E02A7CF19800B79F4A /* Sources */,
				68F8F3E12A7CF19800B79F4A /* Frameworks */,
				68F8F3E22A7CF19800B79F4A /* Resources */,
			);
			buildRules = (
			);
			dependencies = (
			);
			name = 21_06_2023_JSONDecoderDemo;
			productName = 21_06_2023_JSONDecoderDemo;
			productReference = 68F8F3E42A7CF19800B79F4A /* 21_06_2023_JSONDecoderDemo.app */;
			productType = "com.apple.product-type.application";
		};
/* End PBXNativeTarget section */

/* Begin PBXProject section */
		68F8F3DC2A7CF19800B79F4A /* Project object */ = {
			isa = PBXProject;
			attributes = {
				BuildIndependentTargetsInParallel = 1;
				LastSwiftUpdateCheck = 1400;
				LastUpgradeCheck = 1400;
				TargetAttributes = {
					68F8F3E32A7CF19800B79F4A = {
						CreatedOnToolsVersion = 14.0;
					};
				};
			};
			buildConfigurationList = 68F8F3DF2A7CF19800B79F4A /* Build configuration list for PBXProject "21_06_2023_JSONDecoderDemo" */;
			compatibilityVersion = "Xcode 14.0";
			developmentRegion = en;
			hasScannedForEncodings = 0;
			knownRegions = (
				en,
				Base,
			);
			mainGroup = 68F8F3DB2A7CF19800B79F4A;
			productRefGroup = 68F8F3E52A7CF19800B79F4A /* Products */;
			projectDirPath = "";
			projectRoot = "";
			targets = (
				68F8F3E32A7CF19800B79F4A /* 21_06_2023_JSONDecoderDemo */,
			);
		};
/* End PBXProject section */

/* Begin PBXResourcesBuildPhase section */
		68F8F3E22A7CF19800B79F4A /* Resources */ = {
			isa = PBXResourcesBuildPhase;
			buildActionMask = 2147483647;
			files = (
				68F8F3F42A7CF19900B79F4A /* LaunchScreen.storyboard in Resources */,
				68F8F3F12A7CF19900B79F4A /* Assets.xcassets in Resources */,
				68F8F3EF2A7CF19800B79F4A /* Main.storyboard in Resources */,
				68F8F4002A7D04B200B79F4A /* AlbumTableViewCell.xib in Resources */,
			);
			runOnlyForDeploymentPostprocessing = 0;
		};
/* End PBXResourcesBuildPhase section */

/* Begin PBXSourcesBuildPhase section */
		68F8F3E02A7CF19800B79F4A /* Sources */ = {
			isa = PBXSourcesBuildPhase;
			buildActionMask = 2147483647;
			files = (
				68F8F3FF2A7D04B200B79F4A /* AlbumTableViewCell.swift in Sources */,
				68F8F3EC2A7CF19800B79F4A /* ViewController.swift in Sources */,
				68F8F3E82A7CF19800B79F4A /* AppDelegate.swift in Sources */,
				68F8F3EA2A7CF19800B79F4A /* SceneDelegate.swift in Sources */,
				68F8F3FC2A7CFD7E00B79F4A /* Album.swift in Sources */,
			);
			runOnlyForDeploymentPostprocessing = 0;
		};
/* End PBXSourcesBuildPhase section */

/* Begin PBXVariantGroup section */
		68F8F3ED2A7CF19800B79F4A /* Main.storyboard */ = {
			isa = PBXVariantGroup;
			children = (
				68F8F3EE2A7CF19800B79F4A /* Base */,
			);
			name = Main.storyboard;
			sourceTree = "<group>";
		};
		68F8F3F22A7CF19900B79F4A /* LaunchScreen.storyboard */ = {
			isa = PBXVariantGroup;
			children = (
				68F8F3F32A7CF19900B79F4A /* Base */,
			);
			name = LaunchScreen.storyboard;
			sourceTree = "<group>";
		};
/* End PBXVariantGroup section */

/* Begin XCBuildConfiguration section */
		68F8F3F62A7CF19900B79F4A /* Debug */ = {
			isa = XCBuildConfiguration;
			buildSettings = {
				ALWAYS_SEARCH_USER_PATHS = NO;
				CLANG_ANALYZER_NONNULL = YES;
				CLANG_ANALYZER_NUMBER_OBJECT_CONVERSION = YES_AGGRESSIVE;
				CLANG_CXX_LANGUAGE_STANDARD = "gnu++20";
				CLANG_ENABLE_MODULES = YES;
				CLANG_ENABLE_OBJC_ARC = YES;
				CLANG_ENABLE_OBJC_WEAK = YES;
				CLANG_WARN_BLOCK_CAPTURE_AUTORELEASING = YES;
				CLANG_WARN_BOOL_CONVERSION = YES;
				CLANG_WARN_COMMA = YES;
				CLANG_WARN_CONSTANT_CONVERSION = YES;
				CLANG_WARN_DEPRECATED_OBJC_IMPLEMENTATIONS = YES;
				CLANG_WARN_DIRECT_OBJC_ISA_USAGE = YES_ERROR;
				CLANG_WARN_DOCUMENTATION_COMMENTS = YES;
				CLANG_WARN_EMPTY_BODY = YES;
				CLANG_WARN_ENUM_CONVERSION = YES;
				CLANG_WARN_INFINITE_RECURSION = YES;
				CLANG_WARN_INT_CONVERSION = YES;
				CLANG_WARN_NON_LITERAL_NULL_CONVERSION = YES;
				CLANG_WARN_OBJC_IMPLICIT_RETAIN_SELF = YES;
				CLANG_WARN_OBJC_LITERAL_CONVERSION = YES;
				CLANG_WARN_OBJC_ROOT_CLASS = YES_ERROR;
				CLANG_WARN_QUOTED_INCLUDE_IN_FRAMEWORK_HEADER = YES;
				CLANG_WARN_RANGE_LOOP_ANALYSIS = YES;
				CLANG_WARN_STRICT_PROTOTYPES = YES;
				CLANG_WARN_SUSPICIOUS_MOVE = YES;
				CLANG_WARN_UNGUARDED_AVAILABILITY = YES_AGGRESSIVE;
				CLANG_WARN_UNREACHABLE_CODE = YES;
				CLANG_WARN__DUPLICATE_METHOD_MATCH = YES;
				COPY_PHASE_STRIP = NO;
				DEBUG_INFORMATION_FORMAT = dwarf;
				ENABLE_STRICT_OBJC_MSGSEND = YES;
				ENABLE_TESTABILITY = YES;
				GCC_C_LANGUAGE_STANDARD = gnu11;
				GCC_DYNAMIC_NO_PIC = NO;
				GCC_NO_COMMON_BLOCKS = YES;
				GCC_OPTIMIZATION_LEVEL = 0;
				GCC_PREPROCESSOR_DEFINITIONS = (
					"DEBUG=1",
					"$(inherited)",
				);
				GCC_WARN_64_TO_32_BIT_CONVERSION = YES;
				GCC_WARN_ABOUT_RETURN_TYPE = YES_ERROR;
				GCC_WARN_UNDECLARED_SELECTOR = YES;
				GCC_WARN_UNINITIALIZED_AUTOS = YES_AGGRESSIVE;
				GCC_WARN_UNUSED_FUNCTION = YES;
				GCC_WARN_UNUSED_VARIABLE = YES;
				IPHONEOS_DEPLOYMENT_TARGET = 16.0;
				MTL_ENABLE_DEBUG_INFO = INCLUDE_SOURCE;
				MTL_FAST_MATH = YES;
				ONLY_ACTIVE_ARCH = YES;
				SDKROOT = iphoneos;
				SWIFT_ACTIVE_COMPILATION_CONDITIONS = DEBUG;
				SWIFT_OPTIMIZATION_LEVEL = "-Onone";
			};
			name = Debug;
		};
		68F8F3F72A7CF19900B79F4A /* Release */ = {
			isa = XCBuildConfiguration;
			buildSettings = {
				ALWAYS_SEARCH_USER_PATHS = NO;
				CLANG_ANALYZER_NONNULL = YES;
				CLANG_ANALYZER_NUMBER_OBJECT_CONVERSION = YES_AGGRESSIVE;
				CLANG_CXX_LANGUAGE_STANDARD = "gnu++20";
				CLANG_ENABLE_MODULES = YES;
				CLANG_ENABLE_OBJC_ARC = YES;
				CLANG_ENABLE_OBJC_WEAK = YES;
				CLANG_WARN_BLOCK_CAPTURE_AUTORELEASING = YES;
				CLANG_WARN_BOOL_CONVERSION = YES;
				CLANG_WARN_COMMA = YES;
				CLANG_WARN_CONSTANT_CONVERSION = YES;
				CLANG_WARN_DEPRECATED_OBJC_IMPLEMENTATIONS = YES;
				CLANG_WARN_DIRECT_OBJC_ISA_USAGE = YES_ERROR;
				CLANG_WARN_DOCUMENTATION_COMMENTS = YES;
				CLANG_WARN_EMPTY_BODY = YES;
				CLANG_WARN_ENUM_CONVERSION = YES;
				CLANG_WARN_INFINITE_RECURSION = YES;
				CLANG_WARN_INT_CONVERSION = YES;
				CLANG_WARN_NON_LITERAL_NULL_CONVERSION = YES;
				CLANG_WARN_OBJC_IMPLICIT_RETAIN_SELF = YES;
				CLANG_WARN_OBJC_LITERAL_CONVERSION = YES;
				CLANG_WARN_OBJC_ROOT_CLASS = YES_ERROR;
				CLANG_WARN_QUOTED_INCLUDE_IN_FRAMEWORK_HEADER = YES;
				CLANG_WARN_RANGE_LOOP_ANALYSIS = YES;
				CLANG_WARN_STRICT_PROTOTYPES = YES;
				CLANG_WARN_SUSPICIOUS_MOVE = YES;
				CLANG_WARN_UNGUARDED_AVAILABILITY = YES_AGGRESSIVE;
				CLANG_WARN_UNREACHABLE_CODE = YES;
				CLANG_WARN__DUPLICATE_METHOD_MATCH = YES;
				COPY_PHASE_STRIP = NO;
				DEBUG_INFORMATION_FORMAT = "dwarf-with-dsym";
				ENABLE_NS_ASSERTIONS = NO;
				ENABLE_STRICT_OBJC_MSGSEND = YES;
				GCC_C_LANGUAGE_STANDARD = gnu11;
				GCC_NO_COMMON_BLOCKS = YES;
				GCC_WARN_64_TO_32_BIT_CONVERSION = YES;
				GCC_WARN_ABOUT_RETURN_TYPE = YES_ERROR;
				GCC_WARN_UNDECLARED_SELECTOR = YES;
				GCC_WARN_UNINITIALIZED_AUTOS = YES_AGGRESSIVE;
				GCC_WARN_UNUSED_FUNCTION = YES;
				GCC_WARN_UNUSED_VARIABLE = YES;
				IPHONEOS_DEPLOYMENT_TARGET = 16.0;
				MTL_ENABLE_DEBUG_INFO = NO;
				MTL_FAST_MATH = YES;
				SDKROOT = iphoneos;
				SWIFT_COMPILATION_MODE = wholemodule;
				SWIFT_OPTIMIZATION_LEVEL = "-O";
				VALIDATE_PRODUCT = YES;
			};
			name = Release;
		};
		68F8F3F92A7CF19900B79F4A /* Debug */ = {
			isa = XCBuildConfiguration;
			buildSettings = {
				ASSETCATALOG_COMPILER_APPICON_NAME = AppIcon;
				ASSETCATALOG_COMPILER_GLOBAL_ACCENT_COLOR_NAME = AccentColor;
				CODE_SIGN_STYLE = Automatic;
				CURRENT_PROJECT_VERSION = 1;
				DEVELOPMENT_TEAM = V8WE74Y3MG;
				GENERATE_INFOPLIST_FILE = YES;
				INFOPLIST_FILE = 21_06_2023_JSONDecoderDemo/Info.plist;
				INFOPLIST_KEY_UIApplicationSupportsIndirectInputEvents = YES;
				INFOPLIST_KEY_UILaunchStoryboardName = LaunchScreen;
				INFOPLIST_KEY_UIMainStoryboardFile = Main;
				INFOPLIST_KEY_UISupportedInterfaceOrientations_iPad = "UIInterfaceOrientationPortrait UIInterfaceOrientationPortraitUpsideDown UIInterfaceOrientationLandscapeLeft UIInterfaceOrientationLandscapeRight";
				INFOPLIST_KEY_UISupportedInterfaceOrientations_iPhone = "UIInterfaceOrientationPortrait UIInterfaceOrientationLandscapeLeft UIInterfaceOrientationLandscapeRight";
				LD_RUNPATH_SEARCH_PATHS = (
					"$(inherited)",
					"@executable_path/Frameworks",
				);
				MARKETING_VERSION = 1.0;
				PRODUCT_BUNDLE_IDENTIFIER = "in.bitcode.-1-06-2023-JSONDecoderDemo";
				PRODUCT_NAME = "$(TARGET_NAME)";
				SWIFT_EMIT_LOC_STRINGS = YES;
				SWIFT_VERSION = 5.0;
				TARGETED_DEVICE_FAMILY = "1,2";
			};
			name = Debug;
		};
		68F8F3FA2A7CF19900B79F4A /* Release */ = {
			isa = XCBuildConfiguration;
			buildSettings = {
				ASSETCATALOG_COMPILER_APPICON_NAME = AppIcon;
				ASSETCATALOG_COMPILER_GLOBAL_ACCENT_COLOR_NAME = AccentColor;
				CODE_SIGN_STYLE = Automatic;
				CURRENT_PROJECT_VERSION = 1;
				DEVELOPMENT_TEAM = V8WE74Y3MG;
				GENERATE_INFOPLIST_FILE = YES;
				INFOPLIST_FILE = 21_06_2023_JSONDecoderDemo/Info.plist;
				INFOPLIST_KEY_UIApplicationSupportsIndirectInputEvents = YES;
				INFOPLIST_KEY_UILaunchStoryboardName = LaunchScreen;
				INFOPLIST_KEY_UIMainStoryboardFile = Main;
				INFOPLIST_KEY_UISupportedInterfaceOrientations_iPad = "UIInterfaceOrientationPortrait UIInterfaceOrientationPortraitUpsideDown UIInterfaceOrientationLandscapeLeft UIInterfaceOrientationLandscapeRight";
				INFOPLIST_KEY_UISupportedInterfaceOrientations_iPhone = "UIInterfaceOrientationPortrait UIInterfaceOrientationLandscapeLeft UIInterfaceOrientationLandscapeRight";
				LD_RUNPATH_SEARCH_PATHS = (
					"$(inherited)",
					"@executable_path/Frameworks",
				);
				MARKETING_VERSION = 1.0;
				PRODUCT_BUNDLE_IDENTIFIER = "in.bitcode.-1-06-2023-JSONDecoderDemo";
				PRODUCT_NAME = "$(TARGET_NAME)";
				SWIFT_EMIT_LOC_STRINGS = YES;
				SWIFT_VERSION = 5.0;
				TARGETED_DEVICE_FAMILY = "1,2";
			};
			name = Release;
		};
/* End XCBuildConfiguration section */

/* Begin XCConfigurationList section */
		68F8F3DF2A7CF19800B79F4A /* Build configuration list for PBXProject "21_06_2023_JSONDecoderDemo" */ = {
			isa = XCConfigurationList;
			buildConfigurations = (
				68F8F3F62A7CF19900B79F4A /* Debug */,
				68F8F3F72A7CF19900B79F4A /* Release */,
			);
			defaultConfigurationIsVisible = 0;
			defaultConfigurationName = Release;
		};
		68F8F3F82A7CF19900B79F4A /* Build configuration list for PBXNativeTarget "21_06_2023_JSONDecoderDemo" */ = {
			isa = XCConfigurationList;
			buildConfigurations = (
				68F8F3F92A7CF19900B79F4A /* Debug */,
				68F8F3FA2A7CF19900B79F4A /* Release */,
			);
			defaultConfigurationIsVisible = 0;
			defaultConfigurationName = Release;
		};
/* End XCConfigurationList section */
	};
	rootObject = 68F8F3DC2A7CF19800B79F4A /* Project object */;
}
